
Microsoft Visual Studio Solution File, Format Version 12.00
# Visual Studio Version 17
VisualStudioVersion = 17.10.35013.160
MinimumVisualStudioVersion = 10.0.40219.1
Project("{9A19103F-16F7-4668-BE54-9A1E7A4F7556}") = "net8Proyect", "net8Proyect\net8Proyect.csproj", "{3E4236BE-C097-4CF7-AD5E-AE7C7CFA92C6}"
	ProjectSection(ProjectDependencies) = postProject
		{36D03CBF-5CE9-4B80-A846-8731767F5B8B} = {36D03CBF-5CE9-4B80-A846-8731767F5B8B}
		{F38CCF7F-2B62-4E55-97CF-9E79F1CC78D9} = {F38CCF7F-2B62-4E55-97CF-9E79F1CC78D9}
	EndProjectSection
EndProject
Project("{9A19103F-16F7-4668-BE54-9A1E7A4F7556}") = "net8Proyect.Data", "BlogCore.Datos\net8Proyect.Data.csproj", "{F38CCF7F-2B62-4E55-97CF-9E79F1CC78D9}"
EndProject
Project("{9A19103F-16F7-4668-BE54-9A1E7A4F7556}") = "net8Proyect.Models", "BlogCore.Models\net8Proyect.Models.csproj", "{36D03CBF-5CE9-4B80-A846-8731767F5B8B}"
EndProject
Project("{9A19103F-16F7-4668-BE54-9A1E7A4F7556}") = "net8Proyect.Utilities", "BlogCore.Utilities\net8Proyect.Utilities.csproj", "{26FDB234-55AF-415E-8872-A22ACF5B421F}"
EndProject
Global
	GlobalSection(SolutionConfigurationPlatforms) = preSolution
		Debug|Any CPU = Debug|Any CPU
		Release|Any CPU = Release|Any CPU
	EndGlobalSection
	GlobalSection(ProjectConfigurationPlatforms) = postSolution
		{3E4236BE-C097-4CF7-AD5E-AE7C7CFA92C6}.Debug|Any CPU.ActiveCfg = Debug|Any CPU
		{3E4236BE-C097-4CF7-AD5E-AE7C7CFA92C6}.Debug|Any CPU.Build.0 = Debug|Any CPU
		{3E4236BE-C097-4CF7-AD5E-AE7C7CFA92C6}.Release|Any CPU.ActiveCfg = Release|Any CPU
		{3E4236BE-C097-4CF7-AD5E-AE7C7CFA92C6}.Release|Any CPU.Build.0 = Release|Any CPU
		{F38CCF7F-2B62-4E55-97CF-9E79F1CC78D9}.Debug|Any CPU.ActiveCfg = Debug|Any CPU
		{F38CCF7F-2B62-4E55-97CF-9E79F1CC78D9}.Debug|Any CPU.Build.0 = Debug|Any CPU
		{F38CCF7F-2B62-4E55-97CF-9E79F1CC78D9}.Release|Any CPU.ActiveCfg = Release|Any CPU
		{F38CCF7F-2B62-4E55-97CF-9E79F1CC78D9}.Release|Any CPU.Build.0 = Release|Any CPU
		{36D03CBF-5CE9-4B80-A846-8731767F5B8B}.Debug|Any CPU.ActiveCfg = Debug|Any CPU
		{36D03CBF-5CE9-4B80-A846-8731767F5B8B}.Debug|Any CPU.Build.0 = Debug|Any CPU
		{36D03CBF-5CE9-4B80-A846-8731767F5B8B}.Release|Any CPU.ActiveCfg = Release|Any CPU
		{36D03CBF-5CE9-4B80-A846-8731767F5B8B}.Release|Any CPU.Build.0 = Release|Any CPU
		{26FDB234-55AF-415E-8872-A22ACF5B421F}.Debug|Any CPU.ActiveCfg = Debug|Any CPU
		{26FDB234-55AF-415E-8872-A22ACF5B421F}.Debug|Any CPU.Build.0 = Debug|Any CPU
		{26FDB234-55AF-415E-8872-A22ACF5B421F}.Release|Any CPU.ActiveCfg = Release|Any CPU
		{26FDB234-55AF-415E-8872-A22ACF5B421F}.Release|Any CPU.Build.0 = Release|Any CPU
	EndGlobalSection
	GlobalSection(SolutionProperties) = preSolution
		HideSolutionNode = FALSE
	EndGlobalSection
	GlobalSection(ExtensibilityGlobals) = postSolution
		SolutionGuid = {CF06FE0A-34FD-4C0D-9DCE-6DC6E22B627E}
	EndGlobalSection
EndGlobal
